// !$*UTF8*$!
{
	archiveVersion = 1;
	classes = {
	};
	objectVersion = 46;
	objects = {

/* Begin PBXFileReference section */
		1880CFD5151D99B7009A4321 /* yramfs_address_space.c */ = {isa = PBXFileReference; lastKnownFileType = sourcecode.c.c; lineEnding = 2; path = yramfs_address_space.c; sourceTree = "<group>"; xcLanguageSpecificationIdentifier = xcode.lang.c; };
		1880CFD6151D99B7009A4321 /* yramfs_address_space.h */ = {isa = PBXFileReference; lastKnownFileType = sourcecode.c.h; lineEnding = 2; path = yramfs_address_space.h; sourceTree = "<group>"; xcLanguageSpecificationIdentifier = xcode.lang.objcpp; };
		1880CFD7151D99B7009A4321 /* yramfs_config.h */ = {isa = PBXFileReference; lastKnownFileType = sourcecode.c.h; lineEnding = 2; path = yramfs_config.h; sourceTree = "<group>"; xcLanguageSpecificationIdentifier = xcode.lang.objcpp; };
		1880CFD8151D99B7009A4321 /* yramfs_dir.c */ = {isa = PBXFileReference; lastKnownFileType = sourcecode.c.c; lineEnding = 2; path = yramfs_dir.c; sourceTree = "<group>"; xcLanguageSpecificationIdentifier = xcode.lang.c; };
		1880CFD9151D99B7009A4321 /* yramfs_dir.h */ = {isa = PBXFileReference; lastKnownFileType = sourcecode.c.h; path = yramfs_dir.h; sourceTree = "<group>"; };
		1880CFDA151D99B7009A4321 /* yramfs_file.c */ = {isa = PBXFileReference; lastKnownFileType = sourcecode.c.c; path = yramfs_file.c; sourceTree = "<group>"; };
		1880CFDB151D99B7009A4321 /* yramfs_file.h */ = {isa = PBXFileReference; lastKnownFileType = sourcecode.c.h; path = yramfs_file.h; sourceTree = "<group>"; };
		1880CFDC151D99B7009A4321 /* yramfs_inode.c */ = {isa = PBXFileReference; lastKnownFileType = sourcecode.c.c; path = yramfs_inode.c; sourceTree = "<group>"; };
		1880CFDD151D99B7009A4321 /* yramfs_inode.h */ = {isa = PBXFileReference; lastKnownFileType = sourcecode.c.h; path = yramfs_inode.h; sourceTree = "<group>"; };
		1880CFDE151D99B7009A4321 /* yramfs_module.c */ = {isa = PBXFileReference; lastKnownFileType = sourcecode.c.c; lineEnding = 0; path = yramfs_module.c; sourceTree = "<group>"; xcLanguageSpecificationIdentifier = xcode.lang.c; };
		1880CFDF151D99B7009A4321 /* yramfs_super.c */ = {isa = PBXFileReference; lastKnownFileType = sourcecode.c.c; lineEnding = 2; path = yramfs_super.c; sourceTree = "<group>"; xcLanguageSpecificationIdentifier = xcode.lang.c; };
		1880CFE0151D99B7009A4321 /* yramfs_super.h */ = {isa = PBXFileReference; lastKnownFileType = sourcecode.c.h; lineEnding = 2; path = yramfs_super.h; sourceTree = "<group>"; xcLanguageSpecificationIdentifier = xcode.lang.objcpp; };
		1880CFE1151D99B7009A4321 /* yramfs_utils.c */ = {isa = PBXFileReference; lastKnownFileType = sourcecode.c.c; path = yramfs_utils.c; sourceTree = "<group>"; };
		1880CFE2151D99B7009A4321 /* yramfs_utils.h */ = {isa = PBXFileReference; lastKnownFileType = sourcecode.c.h; path = yramfs_utils.h; sourceTree = "<group>"; };
		1880CFE3151D99CC009A4321 /* readme */ = {isa = PBXFileReference; lastKnownFileType = text; path = readme; sourceTree = "<group>"; };
		1880D2B9151DC572009A4321 /* yramfs_memory.c */ = {isa = PBXFileReference; lastKnownFileType = sourcecode.c.c; lineEnding = 0; path = yramfs_memory.c; sourceTree = "<group>"; xcLanguageSpecificationIdentifier = xcode.lang.c; };
		18F005A4151E6CAC009B4FDD /* vfs-readme.txt */ = {isa = PBXFileReference; lastKnownFileType = text; path = "vfs-readme.txt"; sourceTree = "<group>"; };
		18F005A9151F07D3009B4FDD /* yramfs_vector.c */ = {isa = PBXFileReference; lastKnownFileType = sourcecode.c.c; path = yramfs_vector.c; sourceTree = "<group>"; };
		18F005AB151F07F3009B4FDD /* yramfs_vector.h */ = {isa = PBXFileReference; lastKnownFileType = sourcecode.c.h; path = yramfs_vector.h; sourceTree = "<group>"; };
/* End PBXFileReference section */

/* Begin PBXGroup section */
		1880CFCC151D9665009A4321 = {
			isa = PBXGroup;
			children = (
				18F005A4151E6CAC009B4FDD /* vfs-readme.txt */,
				1880D2B9151DC572009A4321 /* yramfs_memory.c */,
				1880CFE3151D99CC009A4321 /* readme */,
				1880CFD5151D99B7009A4321 /* yramfs_address_space.c */,
				1880CFD6151D99B7009A4321 /* yramfs_address_space.h */,
				1880CFD7151D99B7009A4321 /* yramfs_config.h */,
				1880CFD8151D99B7009A4321 /* yramfs_dir.c */,
				1880CFD9151D99B7009A4321 /* yramfs_dir.h */,
				1880CFDA151D99B7009A4321 /* yramfs_file.c */,
				1880CFDB151D99B7009A4321 /* yramfs_file.h */,
				1880CFDC151D99B7009A4321 /* yramfs_inode.c */,
				1880CFDD151D99B7009A4321 /* yramfs_inode.h */,
				1880CFDE151D99B7009A4321 /* yramfs_module.c */,
				1880CFDF151D99B7009A4321 /* yramfs_super.c */,
				1880CFE0151D99B7009A4321 /* yramfs_super.h */,
				1880CFE1151D99B7009A4321 /* yramfs_utils.c */,
				1880CFE2151D99B7009A4321 /* yramfs_utils.h */,
				18F005AB151F07F3009B4FDD /* yramfs_vector.h */,
				18F005A9151F07D3009B4FDD /* yramfs_vector.c */,
			);
			sourceTree = "<group>";
		};
/* End PBXGroup section */

/* Begin PBXProject section */
		1880CFCE151D9665009A4321 /* Project object */ = {
			isa = PBXProject;
			attributes = {
				LastUpgradeCheck = 0420;
				ORGANIZATIONNAME = yunfei;
			};
			buildConfigurationList = 1880CFD1151D9665009A4321 /* Build configuration list for PBXProject "ramfs" */;
			compatibilityVersion = "Xcode 3.2";
			developmentRegion = English;
			hasScannedForEncodings = 0;
			knownRegions = (
				en,
			);
			mainGroup = 1880CFCC151D9665009A4321;
			projectDirPath = "";
			projectRoot = "";
			targets = (
			);
		};
/* End PBXProject section */

/* Begin XCBuildConfiguration section */
		1880CFD3151D9665009A4321 /* Debug */ = {
			isa = XCBuildConfiguration;
			buildSettings = {
			};
			name = Debug;
		};
		1880CFD4151D9665009A4321 /* Release */ = {
			isa = XCBuildConfiguration;
			buildSettings = {
			};
			name = Release;
		};
/* End XCBuildConfiguration section */

/* Begin XCConfigurationList section */
		1880CFD1151D9665009A4321 /* Build configuration list for PBXProject "ramfs" */ = {
			isa = XCConfigurationList;
			buildConfigurations = (
				1880CFD3151D9665009A4321 /* Debug */,
				1880CFD4151D9665009A4321 /* Release */,
			);
			defaultConfigurationIsVisible = 0;
			defaultConfigurationName = Release;
		};
/* End XCConfigurationList section */
	};
	rootObject = 1880CFCE151D9665009A4321 /* Project object */;
}
