// !$*UTF8*$!
{
	archiveVersion = 1;
	classes = {
	};
	objectVersion = 46;
	objects = {

/* Begin PBXGroup section */
		1880CFCC151D9665009A4321 = {
			isa = PBXGroup;
			children = (
			);
			sourceTree = "<group>";
		};
/* End PBXGroup section */

/* Begin PBXProject section */
		1880CFCE151D9665009A4321 /* Project object */ = {
			isa = PBXProject;
			attributes = {
				LastUpgradeCheck = 0420;
				ORGANIZATIONNAME = yunfei;
			};
			buildConfigurationList = 1880CFD1151D9665009A4321 /* Build configuration list for PBXProject "ramfs" */;
			compatibilityVersion = "Xcode 3.2";
			developmentRegion = English;
			hasScannedForEncodings = 0;
			knownRegions = (
				en,
			);
			mainGroup = 1880CFCC151D9665009A4321;
			projectDirPath = "";
			projectRoot = "";
			targets = (
			);
		};
/* End PBXProject section */

/* Begin XCBuildConfiguration section */
		1880CFD3151D9665009A4321 /* Debug */ = {
			isa = XCBuildConfiguration;
			buildSettings = {
			};
			name = Debug;
		};
		1880CFD4151D9665009A4321 /* Release */ = {
			isa = XCBuildConfiguration;
			buildSettings = {
			};
			name = Release;
		};
/* End XCBuildConfiguration section */

/* Begin XCConfigurationList section */
		1880CFD1151D9665009A4321 /* Build configuration list for PBXProject "ramfs" */ = {
			isa = XCConfigurationList;
			buildConfigurations = (
				1880CFD3151D9665009A4321 /* Debug */,
				1880CFD4151D9665009A4321 /* Release */,
			);
			defaultConfigurationIsVisible = 0;
			defaultConfigurationName = Release;
		};
/* End XCConfigurationList section */
	};
	rootObject = 1880CFCE151D9665009A4321 /* Project object */;
}
